// !$*UTF8*$!
{
	archiveVersion = 1;
	classes = {
	};
	objectVersion = 50;
	objects = {

/* Begin PBXBuildFile section */
		E208436825ED1C2700038375 /* AppDelegate.swift in Sources */ = {isa = PBXBuildFile; fileRef = E208436725ED1C2700038375 /* AppDelegate.swift */; };
		E208436A25ED1C2700038375 /* SceneDelegate.swift in Sources */ = {isa = PBXBuildFile; fileRef = E208436925ED1C2700038375 /* SceneDelegate.swift */; };
		E208436C25ED1C2700038375 /* ViewController.swift in Sources */ = {isa = PBXBuildFile; fileRef = E208436B25ED1C2700038375 /* ViewController.swift */; };
		E208436F25ED1C2700038375 /* Main.storyboard in Resources */ = {isa = PBXBuildFile; fileRef = E208436D25ED1C2700038375 /* Main.storyboard */; };
		E208437225ED1C2700038375 /* CoreDataTut.xcdatamodeld in Sources */ = {isa = PBXBuildFile; fileRef = E208437025ED1C2700038375 /* CoreDataTut.xcdatamodeld */; };
		E208437425ED1C2A00038375 /* Assets.xcassets in Resources */ = {isa = PBXBuildFile; fileRef = E208437325ED1C2A00038375 /* Assets.xcassets */; };
		E208437725ED1C2A00038375 /* LaunchScreen.storyboard in Resources */ = {isa = PBXBuildFile; fileRef = E208437525ED1C2A00038375 /* LaunchScreen.storyboard */; };
/* End PBXBuildFile section */

/* Begin PBXFileReference section */
		E208436425ED1C2700038375 /* CoreDataTut.app */ = {isa = PBXFileReference; explicitFileType = wrapper.application; includeInIndex = 0; path = CoreDataTut.app; sourceTree = BUILT_PRODUCTS_DIR; };
		E208436725ED1C2700038375 /* AppDelegate.swift */ = {isa = PBXFileReference; lastKnownFileType = sourcecode.swift; path = AppDelegate.swift; sourceTree = "<group>"; };
		E208436925ED1C2700038375 /* SceneDelegate.swift */ = {isa = PBXFileReference; lastKnownFileType = sourcecode.swift; path = SceneDelegate.swift; sourceTree = "<group>"; };
		E208436B25ED1C2700038375 /* ViewController.swift */ = {isa = PBXFileReference; lastKnownFileType = sourcecode.swift; path = ViewController.swift; sourceTree = "<group>"; };
		E208436E25ED1C2700038375 /* Base */ = {isa = PBXFileReference; lastKnownFileType = file.storyboard; name = Base; path = Base.lproj/Main.storyboard; sourceTree = "<group>"; };
		E208437125ED1C2700038375 /* CoreDataTut.xcdatamodel */ = {isa = PBXFileReference; lastKnownFileType = wrapper.xcdatamodel; path = CoreDataTut.xcdatamodel; sourceTree = "<group>"; };
		E208437325ED1C2A00038375 /* Assets.xcassets */ = {isa = PBXFileReference; lastKnownFileType = folder.assetcatalog; path = Assets.xcassets; sourceTree = "<group>"; };
		E208437625ED1C2A00038375 /* Base */ = {isa = PBXFileReference; lastKnownFileType = file.storyboard; name = Base; path = Base.lproj/LaunchScreen.storyboard; sourceTree = "<group>"; };
		E208437825ED1C2A00038375 /* Info.plist */ = {isa = PBXFileReference; lastKnownFileType = text.plist.xml; path = Info.plist; sourceTree = "<group>"; };
/* End PBXFileReference section */

/* Begin PBXFrameworksBuildPhase section */
		E208436125ED1C2700038375 /* Frameworks */ = {
			isa = PBXFrameworksBuildPhase;
			buildActionMask = 2147483647;
			files = (
			);
			runOnlyForDeploymentPostprocessing = 0;
		};
/* End PBXFrameworksBuildPhase section */

/* Begin PBXGroup section */
		E208435B25ED1C2700038375 = {
			isa = PBXGroup;
			children = (
				E208436625ED1C2700038375 /* CoreDataTut */,
				E208436525ED1C2700038375 /* Products */,
			);
			sourceTree = "<group>";
		};
		E208436525ED1C2700038375 /* Products */ = {
			isa = PBXGroup;
			children = (
				E208436425ED1C2700038375 /* CoreDataTut.app */,
			);
			name = Products;
			sourceTree = "<group>";
		};
		E208436625ED1C2700038375 /* CoreDataTut */ = {
			isa = PBXGroup;
			children = (
				E208436725ED1C2700038375 /* AppDelegate.swift */,
				E208436925ED1C2700038375 /* SceneDelegate.swift */,
				E208436B25ED1C2700038375 /* ViewController.swift */,
				E208436D25ED1C2700038375 /* Main.storyboard */,
				E208437325ED1C2A00038375 /* Assets.xcassets */,
				E208437525ED1C2A00038375 /* LaunchScreen.storyboard */,
				E208437825ED1C2A00038375 /* Info.plist */,
				E208437025ED1C2700038375 /* CoreDataTut.xcdatamodeld */,
			);
			path = CoreDataTut;
			sourceTree = "<group>";
		};
/* End PBXGroup section */

/* Begin PBXNativeTarget section */
		E208436325ED1C2700038375 /* CoreDataTut */ = {
			isa = PBXNativeTarget;
			buildConfigurationList = E208437B25ED1C2A00038375 /* Build configuration list for PBXNativeTarget "CoreDataTut" */;
			buildPhases = (
				E208436025ED1C2700038375 /* Sources */,
				E208436125ED1C2700038375 /* Frameworks */,
				E208436225ED1C2700038375 /* Resources */,
			);
			buildRules = (
			);
			dependencies = (
			);
			name = CoreDataTut;
			productName = CoreDataTut;
			productReference = E208436425ED1C2700038375 /* CoreDataTut.app */;
			productType = "com.apple.product-type.application";
		};
/* End PBXNativeTarget section */

/* Begin PBXProject section */
		E208435C25ED1C2700038375 /* Project object */ = {
			isa = PBXProject;
			attributes = {
				LastSwiftUpdateCheck = 1240;
				LastUpgradeCheck = 1240;
				TargetAttributes = {
					E208436325ED1C2700038375 = {
						CreatedOnToolsVersion = 12.4;
					};
				};
			};
			buildConfigurationList = E208435F25ED1C2700038375 /* Build configuration list for PBXProject "CoreDataTut" */;
			compatibilityVersion = "Xcode 9.3";
			developmentRegion = en;
			hasScannedForEncodings = 0;
			knownRegions = (
				en,
				Base,
			);
			mainGroup = E208435B25ED1C2700038375;
			productRefGroup = E208436525ED1C2700038375 /* Products */;
			projectDirPath = "";
			projectRoot = "";
			targets = (
				E208436325ED1C2700038375 /* CoreDataTut */,
			);
		};
/* End PBXProject section */

/* Begin PBXResourcesBuildPhase section */
		E208436225ED1C2700038375 /* Resources */ = {
			isa = PBXResourcesBuildPhase;
			buildActionMask = 2147483647;
			files = (
				E208437725ED1C2A00038375 /* LaunchScreen.storyboard in Resources */,
				E208437425ED1C2A00038375 /* Assets.xcassets in Resources */,
				E208436F25ED1C2700038375 /* Main.storyboard in Resources */,
			);
			runOnlyForDeploymentPostprocessing = 0;
		};
/* End PBXResourcesBuildPhase section */

/* Begin PBXSourcesBuildPhase section */
		E208436025ED1C2700038375 /* Sources */ = {
			isa = PBXSourcesBuildPhase;
			buildActionMask = 2147483647;
			files = (
				E208437225ED1C2700038375 /* CoreDataTut.xcdatamodeld in Sources */,
				E208436C25ED1C2700038375 /* ViewController.swift in Sources */,
				E208436825ED1C2700038375 /* AppDelegate.swift in Sources */,
				E208436A25ED1C2700038375 /* SceneDelegate.swift in Sources */,
			);
			runOnlyForDeploymentPostprocessing = 0;
		};
/* End PBXSourcesBuildPhase section */

/* Begin PBXVariantGroup section */
		E208436D25ED1C2700038375 /* Main.storyboard */ = {
			isa = PBXVariantGroup;
			children = (
				E208436E25ED1C2700038375 /* Base */,
			);
			name = Main.storyboard;
			sourceTree = "<group>";
		};
		E208437525ED1C2A00038375 /* LaunchScreen.storyboard */ = {
			isa = PBXVariantGroup;
			children = (
				E208437625ED1C2A00038375 /* Base */,
			);
			name = LaunchScreen.storyboard;
			sourceTree = "<group>";
		};
/* End PBXVariantGroup section */

/* Begin XCBuildConfiguration section */
		E208437925ED1C2A00038375 /* Debug */ = {
			isa = XCBuildConfiguration;
			buildSettings = {
				ALWAYS_SEARCH_USER_PATHS = NO;
				CLANG_ANALYZER_NONNULL = YES;
				CLANG_ANALYZER_NUMBER_OBJECT_CONVERSION = YES_AGGRESSIVE;
				CLANG_CXX_LANGUAGE_STANDARD = "gnu++14";
				CLANG_CXX_LIBRARY = "libc++";
				CLANG_ENABLE_MODULES = YES;
				CLANG_ENABLE_OBJC_ARC = YES;
				CLANG_ENABLE_OBJC_WEAK = YES;
				CLANG_WARN_BLOCK_CAPTURE_AUTORELEASING = YES;
				CLANG_WARN_BOOL_CONVERSION = YES;
				CLANG_WARN_COMMA = YES;
				CLANG_WARN_CONSTANT_CONVERSION = YES;
				CLANG_WARN_DEPRECATED_OBJC_IMPLEMENTATIONS = YES;
				CLANG_WARN_DIRECT_OBJC_ISA_USAGE = YES_ERROR;
				CLANG_WARN_DOCUMENTATION_COMMENTS = YES;
				CLANG_WARN_EMPTY_BODY = YES;
				CLANG_WARN_ENUM_CONVERSION = YES;
				CLANG_WARN_INFINITE_RECURSION = YES;
				CLANG_WARN_INT_CONVERSION = YES;
				CLANG_WARN_NON_LITERAL_NULL_CONVERSION = YES;
				CLANG_WARN_OBJC_IMPLICIT_RETAIN_SELF = YES;
				CLANG_WARN_OBJC_LITERAL_CONVERSION = YES;
				CLANG_WARN_OBJC_ROOT_CLASS = YES_ERROR;
				CLANG_WARN_QUOTED_INCLUDE_IN_FRAMEWORK_HEADER = YES;
				CLANG_WARN_RANGE_LOOP_ANALYSIS = YES;
				CLANG_WARN_STRICT_PROTOTYPES = YES;
				CLANG_WARN_SUSPICIOUS_MOVE = YES;
				CLANG_WARN_UNGUARDED_AVAILABILITY = YES_AGGRESSIVE;
				CLANG_WARN_UNREACHABLE_CODE = YES;
				CLANG_WARN__DUPLICATE_METHOD_MATCH = YES;
				COPY_PHASE_STRIP = NO;
				DEBUG_INFORMATION_FORMAT = dwarf;
				ENABLE_STRICT_OBJC_MSGSEND = YES;
				ENABLE_TESTABILITY = YES;
				GCC_C_LANGUAGE_STANDARD = gnu11;
				GCC_DYNAMIC_NO_PIC = NO;
				GCC_NO_COMMON_BLOCKS = YES;
				GCC_OPTIMIZATION_LEVEL = 0;
				GCC_PREPROCESSOR_DEFINITIONS = (
					"DEBUG=1",
					"$(inherited)",
				);
				GCC_WARN_64_TO_32_BIT_CONVERSION = YES;
				GCC_WARN_ABOUT_RETURN_TYPE = YES_ERROR;
				GCC_WARN_UNDECLARED_SELECTOR = YES;
				GCC_WARN_UNINITIALIZED_AUTOS = YES_AGGRESSIVE;
				GCC_WARN_UNUSED_FUNCTION = YES;
				GCC_WARN_UNUSED_VARIABLE = YES;
				IPHONEOS_DEPLOYMENT_TARGET = 14.4;
				MTL_ENABLE_DEBUG_INFO = INCLUDE_SOURCE;
				MTL_FAST_MATH = YES;
				ONLY_ACTIVE_ARCH = YES;
				SDKROOT = iphoneos;
				SWIFT_ACTIVE_COMPILATION_CONDITIONS = DEBUG;
				SWIFT_OPTIMIZATION_LEVEL = "-Onone";
			};
			name = Debug;
		};
		E208437A25ED1C2A00038375 /* Release */ = {
			isa = XCBuildConfiguration;
			buildSettings = {
				ALWAYS_SEARCH_USER_PATHS = NO;
				CLANG_ANALYZER_NONNULL = YES;
				CLANG_ANALYZER_NUMBER_OBJECT_CONVERSION = YES_AGGRESSIVE;
				CLANG_CXX_LANGUAGE_STANDARD = "gnu++14";
				CLANG_CXX_LIBRARY = "libc++";
				CLANG_ENABLE_MODULES = YES;
				CLANG_ENABLE_OBJC_ARC = YES;
				CLANG_ENABLE_OBJC_WEAK = YES;
				CLANG_WARN_BLOCK_CAPTURE_AUTORELEASING = YES;
				CLANG_WARN_BOOL_CONVERSION = YES;
				CLANG_WARN_COMMA = YES;
				CLANG_WARN_CONSTANT_CONVERSION = YES;
				CLANG_WARN_DEPRECATED_OBJC_IMPLEMENTATIONS = YES;
				CLANG_WARN_DIRECT_OBJC_ISA_USAGE = YES_ERROR;
				CLANG_WARN_DOCUMENTATION_COMMENTS = YES;
				CLANG_WARN_EMPTY_BODY = YES;
				CLANG_WARN_ENUM_CONVERSION = YES;
				CLANG_WARN_INFINITE_RECURSION = YES;
				CLANG_WARN_INT_CONVERSION = YES;
				CLANG_WARN_NON_LITERAL_NULL_CONVERSION = YES;
				CLANG_WARN_OBJC_IMPLICIT_RETAIN_SELF = YES;
				CLANG_WARN_OBJC_LITERAL_CONVERSION = YES;
				CLANG_WARN_OBJC_ROOT_CLASS = YES_ERROR;
				CLANG_WARN_QUOTED_INCLUDE_IN_FRAMEWORK_HEADER = YES;
				CLANG_WARN_RANGE_LOOP_ANALYSIS = YES;
				CLANG_WARN_STRICT_PROTOTYPES = YES;
				CLANG_WARN_SUSPICIOUS_MOVE = YES;
				CLANG_WARN_UNGUARDED_AVAILABILITY = YES_AGGRESSIVE;
				CLANG_WARN_UNREACHABLE_CODE = YES;
				CLANG_WARN__DUPLICATE_METHOD_MATCH = YES;
				COPY_PHASE_STRIP = NO;
				DEBUG_INFORMATION_FORMAT = "dwarf-with-dsym";
				ENABLE_NS_ASSERTIONS = NO;
				ENABLE_STRICT_OBJC_MSGSEND = YES;
				GCC_C_LANGUAGE_STANDARD = gnu11;
				GCC_NO_COMMON_BLOCKS = YES;
				GCC_WARN_64_TO_32_BIT_CONVERSION = YES;
				GCC_WARN_ABOUT_RETURN_TYPE = YES_ERROR;
				GCC_WARN_UNDECLARED_SELECTOR = YES;
				GCC_WARN_UNINITIALIZED_AUTOS = YES_AGGRESSIVE;
				GCC_WARN_UNUSED_FUNCTION = YES;
				GCC_WARN_UNUSED_VARIABLE = YES;
				IPHONEOS_DEPLOYMENT_TARGET = 14.4;
				MTL_ENABLE_DEBUG_INFO = NO;
				MTL_FAST_MATH = YES;
				SDKROOT = iphoneos;
				SWIFT_COMPILATION_MODE = wholemodule;
				SWIFT_OPTIMIZATION_LEVEL = "-O";
				VALIDATE_PRODUCT = YES;
			};
			name = Release;
		};
		E208437C25ED1C2A00038375 /* Debug */ = {
			isa = XCBuildConfiguration;
			buildSettings = {
				ASSETCATALOG_COMPILER_APPICON_NAME = AppIcon;
				ASSETCATALOG_COMPILER_GLOBAL_ACCENT_COLOR_NAME = AccentColor;
				CODE_SIGN_STYLE = Automatic;
				DEVELOPMENT_TEAM = 49YLVF4Y6T;
				INFOPLIST_FILE = CoreDataTut/Info.plist;
				LD_RUNPATH_SEARCH_PATHS = (
					"$(inherited)",
					"@executable_path/Frameworks",
				);
				PRODUCT_BUNDLE_IDENTIFIER = com.cliffot.CoreDataTut;
				PRODUCT_NAME = "$(TARGET_NAME)";
				SWIFT_VERSION = 5.0;
				TARGETED_DEVICE_FAMILY = "1,2";
			};
			name = Debug;
		};
		E208437D25ED1C2A00038375 /* Release */ = {
			isa = XCBuildConfiguration;
			buildSettings = {
				ASSETCATALOG_COMPILER_APPICON_NAME = AppIcon;
				ASSETCATALOG_COMPILER_GLOBAL_ACCENT_COLOR_NAME = AccentColor;
				CODE_SIGN_STYLE = Automatic;
				DEVELOPMENT_TEAM = 49YLVF4Y6T;
				INFOPLIST_FILE = CoreDataTut/Info.plist;
				LD_RUNPATH_SEARCH_PATHS = (
					"$(inherited)",
					"@executable_path/Frameworks",
				);
				PRODUCT_BUNDLE_IDENTIFIER = com.cliffot.CoreDataTut;
				PRODUCT_NAME = "$(TARGET_NAME)";
				SWIFT_VERSION = 5.0;
				TARGETED_DEVICE_FAMILY = "1,2";
			};
			name = Release;
		};
/* End XCBuildConfiguration section */

/* Begin XCConfigurationList section */
		E208435F25ED1C2700038375 /* Build configuration list for PBXProject "CoreDataTut" */ = {
			isa = XCConfigurationList;
			buildConfigurations = (
				E208437925ED1C2A00038375 /* Debug */,
				E208437A25ED1C2A00038375 /* Release */,
			);
			defaultConfigurationIsVisible = 0;
			defaultConfigurationName = Release;
		};
		E208437B25ED1C2A00038375 /* Build configuration list for PBXNativeTarget "CoreDataTut" */ = {
			isa = XCConfigurationList;
			buildConfigurations = (
				E208437C25ED1C2A00038375 /* Debug */,
				E208437D25ED1C2A00038375 /* Release */,
			);
			defaultConfigurationIsVisible = 0;
			defaultConfigurationName = Release;
		};
/* End XCConfigurationList section */

/* Begin XCVersionGroup section */
		E208437025ED1C2700038375 /* CoreDataTut.xcdatamodeld */ = {
			isa = XCVersionGroup;
			children = (
				E208437125ED1C2700038375 /* CoreDataTut.xcdatamodel */,
			);
			currentVersion = E208437125ED1C2700038375 /* CoreDataTut.xcdatamodel */;
			path = CoreDataTut.xcdatamodeld;
			sourceTree = "<group>";
			versionGroupType = wrapper.xcdatamodel;
		};
/* End XCVersionGroup section */
	};
	rootObject = E208435C25ED1C2700038375 /* Project object */;
}
